Microsoft Visual Studio Solution File, Format Version 12.00
# Visual Studio Version 17
VisualStudioVersion = 17.5.2.0
MinimumVisualStudioVersion = 10.0.40219.1
Project("{2150E333-8FDC-42A3-9474-1A3956D46DE8}") = "Csharp", "Csharp", "{B41BF331-FCCB-2ADF-CDB6-767964B34647}"
EndProject
Project("{FAE04EC0-301F-11D3-BF4B-00C04F79EFBC}") = "student_activity", "Csharp\student_activity\student_activity.csproj", "{F68BA6F7-E322-BC5E-E758-9938F3D0D6FA}"
EndProject
Global
	GlobalSection(SolutionConfigurationPlatforms) = preSolution
		Debug|Any CPU = Debug|Any CPU
		Release|Any CPU = Release|Any CPU
	EndGlobalSection
	GlobalSection(ProjectConfigurationPlatforms) = postSolution
		{F68BA6F7-E322-BC5E-E758-9938F3D0D6FA}.Debug|Any CPU.ActiveCfg = Debug|Any CPU
		{F68BA6F7-E322-BC5E-E758-9938F3D0D6FA}.Debug|Any CPU.Build.0 = Debug|Any CPU
		{F68BA6F7-E322-BC5E-E758-9938F3D0D6FA}.Release|Any CPU.ActiveCfg = Release|Any CPU
		{F68BA6F7-E322-BC5E-E758-9938F3D0D6FA}.Release|Any CPU.Build.0 = Release|Any CPU
	EndGlobalSection
	GlobalSection(SolutionProperties) = preSolution
		HideSolutionNode = FALSE
	EndGlobalSection
	GlobalSection(NestedProjects) = preSolution
		{F68BA6F7-E322-BC5E-E758-9938F3D0D6FA} = {B41BF331-FCCB-2ADF-CDB6-767964B34647}
	EndGlobalSection
	GlobalSection(ExtensibilityGlobals) = postSolution
		SolutionGuid = {7B90B522-0E02-4C2D-B088-112688478C13}
	EndGlobalSection
EndGlobal
